
Microsoft Visual Studio Solution File, Format Version 12.00
# Visual Studio Version 17
VisualStudioVersion = 17.14.36212.18
MinimumVisualStudioVersion = 10.0.40219.1
Project("{FAE04EC0-301F-11D3-BF4B-00C04F79EFBC}") = "EasyPay_Final", "EasyPay_Final\EasyPay_Final.csproj", "{3AC3F8E8-A814-4943-B280-B3BAE62E9AC0}"
EndProject
Project("{FAE04EC0-301F-11D3-BF4B-00C04F79EFBC}") = "EasyPay_FinalTests", "EasyPay_FinalTests\EasyPay_FinalTests.csproj", "{E430E8A4-876C-4735-856C-2CB65F138755}"
EndProject
Global
	GlobalSection(SolutionConfigurationPlatforms) = preSolution
		Debug|Any CPU = Debug|Any CPU
		Release|Any CPU = Release|Any CPU
	EndGlobalSection
	GlobalSection(ProjectConfigurationPlatforms) = postSolution
		{3AC3F8E8-A814-4943-B280-B3BAE62E9AC0}.Debug|Any CPU.ActiveCfg = Debug|Any CPU
		{3AC3F8E8-A814-4943-B280-B3BAE62E9AC0}.Debug|Any CPU.Build.0 = Debug|Any CPU
		{3AC3F8E8-A814-4943-B280-B3BAE62E9AC0}.Release|Any CPU.ActiveCfg = Release|Any CPU
		{3AC3F8E8-A814-4943-B280-B3BAE62E9AC0}.Release|Any CPU.Build.0 = Release|Any CPU
		{E430E8A4-876C-4735-856C-2CB65F138755}.Debug|Any CPU.ActiveCfg = Debug|Any CPU
		{E430E8A4-876C-4735-856C-2CB65F138755}.Debug|Any CPU.Build.0 = Debug|Any CPU
		{E430E8A4-876C-4735-856C-2CB65F138755}.Release|Any CPU.ActiveCfg = Release|Any CPU
		{E430E8A4-876C-4735-856C-2CB65F138755}.Release|Any CPU.Build.0 = Release|Any CPU
	EndGlobalSection
	GlobalSection(SolutionProperties) = preSolution
		HideSolutionNode = FALSE
	EndGlobalSection
	GlobalSection(ExtensibilityGlobals) = postSolution
		SolutionGuid = {C3B820E5-070B-484B-BD7F-CD3B4D093B98}
	EndGlobalSection
EndGlobal
